// !$*UTF8*$!
{
	archiveVersion = 1;
	classes = {
	};
	objectVersion = 56;
	objects = {

/* Begin PBXBuildFile section */
		68D2D9702BFB519E009E04FA /* AppDelegate.swift in Sources */ = {isa = PBXBuildFile; fileRef = 68D2D96F2BFB519E009E04FA /* AppDelegate.swift */; };
		68D2D9722BFB519E009E04FA /* SceneDelegate.swift in Sources */ = {isa = PBXBuildFile; fileRef = 68D2D9712BFB519E009E04FA /* SceneDelegate.swift */; };
		68D2D9742BFB519E009E04FA /* ViewController.swift in Sources */ = {isa = PBXBuildFile; fileRef = 68D2D9732BFB519E009E04FA /* ViewController.swift */; };
		68D2D9772BFB519E009E04FA /* Main.storyboard in Resources */ = {isa = PBXBuildFile; fileRef = 68D2D9752BFB519E009E04FA /* Main.storyboard */; };
		68D2D9792BFB519F009E04FA /* Assets.xcassets in Resources */ = {isa = PBXBuildFile; fileRef = 68D2D9782BFB519F009E04FA /* Assets.xcassets */; };
		68D2D97C2BFB519F009E04FA /* LaunchScreen.storyboard in Resources */ = {isa = PBXBuildFile; fileRef = 68D2D97A2BFB519F009E04FA /* LaunchScreen.storyboard */; };
		68D2D9862BFB8FA0009E04FA /* LoginViewController.swift in Sources */ = {isa = PBXBuildFile; fileRef = 68D2D9852BFB8FA0009E04FA /* LoginViewController.swift */; };
		68D2D9882BFB8FB5009E04FA /* HomeViewController.swift in Sources */ = {isa = PBXBuildFile; fileRef = 68D2D9872BFB8FB5009E04FA /* HomeViewController.swift */; };
		68D2D98A2BFB8FF1009E04FA /* LikeViewController.swift in Sources */ = {isa = PBXBuildFile; fileRef = 68D2D9892BFB8FF1009E04FA /* LikeViewController.swift */; };
		68D2D98C2BFB9001009E04FA /* MypageViewController.swift in Sources */ = {isa = PBXBuildFile; fileRef = 68D2D98B2BFB9001009E04FA /* MypageViewController.swift */; };
		68D2D98E2BFB901D009E04FA /* MypageView.swift in Sources */ = {isa = PBXBuildFile; fileRef = 68D2D98D2BFB901D009E04FA /* MypageView.swift */; };
		68D2D9902BFB9030009E04FA /* LikeView.swift in Sources */ = {isa = PBXBuildFile; fileRef = 68D2D98F2BFB9030009E04FA /* LikeView.swift */; };
		68D2D9922BFB903C009E04FA /* HomeView.swift in Sources */ = {isa = PBXBuildFile; fileRef = 68D2D9912BFB903C009E04FA /* HomeView.swift */; };
		68D2D9942BFB904B009E04FA /* LoginView.swift in Sources */ = {isa = PBXBuildFile; fileRef = 68D2D9932BFB904B009E04FA /* LoginView.swift */; };
		68D2D99A2BFB95FB009E04FA /* SnapKit in Frameworks */ = {isa = PBXBuildFile; productRef = 68D2D9992BFB95FB009E04FA /* SnapKit */; };
		68D2D99C2BFC3A78009E04FA /* HomeTableViewCell.swift in Sources */ = {isa = PBXBuildFile; fileRef = 68D2D99B2BFC3A78009E04FA /* HomeTableViewCell.swift */; };
		68D2D99E2BFC50FB009E04FA /* DummyModel.swift in Sources */ = {isa = PBXBuildFile; fileRef = 68D2D99D2BFC50FB009E04FA /* DummyModel.swift */; };
		68D2D9A02BFCC383009E04FA /* LikeCollectionViewCell.swift in Sources */ = {isa = PBXBuildFile; fileRef = 68D2D99F2BFCC383009E04FA /* LikeCollectionViewCell.swift */; };
		68D2D9A22BFCEA21009E04FA /* MypageTableViewCell.swift in Sources */ = {isa = PBXBuildFile; fileRef = 68D2D9A12BFCEA21009E04FA /* MypageTableViewCell.swift */; };
		68D2D9A42BFD7CD7009E04FA /* LoginCheck.swift in Sources */ = {isa = PBXBuildFile; fileRef = 68D2D9A32BFD7CD7009E04FA /* LoginCheck.swift */; };
		68D2D9A62BFDC820009E04FA /* GoogleService-Info.plist in Resources */ = {isa = PBXBuildFile; fileRef = 68D2D9A52BFDC820009E04FA /* GoogleService-Info.plist */; };
		68D2D9A92BFDCA1D009E04FA /* FirebaseAuth in Frameworks */ = {isa = PBXBuildFile; productRef = 68D2D9A82BFDCA1D009E04FA /* FirebaseAuth */; };
		68D2D9AB2BFDDA38009E04FA /* MakeEmailViewController.swift in Sources */ = {isa = PBXBuildFile; fileRef = 68D2D9AA2BFDDA37009E04FA /* MakeEmailViewController.swift */; };
		68D2D9AD2BFDDA59009E04FA /* MakeEmailView.swift in Sources */ = {isa = PBXBuildFile; fileRef = 68D2D9AC2BFDDA59009E04FA /* MakeEmailView.swift */; };
		68D2D9B12C002D4D009E04FA /* FirebaseManager.swift in Sources */ = {isa = PBXBuildFile; fileRef = 68D2D9B02C002D4D009E04FA /* FirebaseManager.swift */; };
		68D2D9B42C002E8C009E04FA /* FirebaseFirestore in Frameworks */ = {isa = PBXBuildFile; productRef = 68D2D9B32C002E8C009E04FA /* FirebaseFirestore */; };
		68D2D9B62C02D889009E04FA /* AddPostViewController.swift in Sources */ = {isa = PBXBuildFile; fileRef = 68D2D9B52C02D889009E04FA /* AddPostViewController.swift */; };
		68D2D9B82C02D8A3009E04FA /* AddPostView.swift in Sources */ = {isa = PBXBuildFile; fileRef = 68D2D9B72C02D8A3009E04FA /* AddPostView.swift */; };
		68D2D9BA2C04E26A009E04FA /* FirebaseStorage in Frameworks */ = {isa = PBXBuildFile; productRef = 68D2D9B92C04E26A009E04FA /* FirebaseStorage */; };
		68D2D9BC2C05D086009E04FA /* Post.swift in Sources */ = {isa = PBXBuildFile; fileRef = 68D2D9BB2C05D086009E04FA /* Post.swift */; };
/* End PBXBuildFile section */

/* Begin PBXFileReference section */
		68D2D96C2BFB519E009E04FA /* TripTogether.app */ = {isa = PBXFileReference; explicitFileType = wrapper.application; includeInIndex = 0; path = TripTogether.app; sourceTree = BUILT_PRODUCTS_DIR; };
		68D2D96F2BFB519E009E04FA /* AppDelegate.swift */ = {isa = PBXFileReference; lastKnownFileType = sourcecode.swift; path = AppDelegate.swift; sourceTree = "<group>"; };
		68D2D9712BFB519E009E04FA /* SceneDelegate.swift */ = {isa = PBXFileReference; lastKnownFileType = sourcecode.swift; path = SceneDelegate.swift; sourceTree = "<group>"; };
		68D2D9732BFB519E009E04FA /* ViewController.swift */ = {isa = PBXFileReference; lastKnownFileType = sourcecode.swift; path = ViewController.swift; sourceTree = "<group>"; };
		68D2D9762BFB519E009E04FA /* Base */ = {isa = PBXFileReference; lastKnownFileType = file.storyboard; name = Base; path = Base.lproj/Main.storyboard; sourceTree = "<group>"; };
		68D2D9782BFB519F009E04FA /* Assets.xcassets */ = {isa = PBXFileReference; lastKnownFileType = folder.assetcatalog; path = Assets.xcassets; sourceTree = "<group>"; };
		68D2D97B2BFB519F009E04FA /* Base */ = {isa = PBXFileReference; lastKnownFileType = file.storyboard; name = Base; path = Base.lproj/LaunchScreen.storyboard; sourceTree = "<group>"; };
		68D2D97D2BFB519F009E04FA /* Info.plist */ = {isa = PBXFileReference; lastKnownFileType = text.plist.xml; path = Info.plist; sourceTree = "<group>"; };
		68D2D9852BFB8FA0009E04FA /* LoginViewController.swift */ = {isa = PBXFileReference; lastKnownFileType = sourcecode.swift; path = LoginViewController.swift; sourceTree = "<group>"; };
		68D2D9872BFB8FB5009E04FA /* HomeViewController.swift */ = {isa = PBXFileReference; lastKnownFileType = sourcecode.swift; path = HomeViewController.swift; sourceTree = "<group>"; };
		68D2D9892BFB8FF1009E04FA /* LikeViewController.swift */ = {isa = PBXFileReference; lastKnownFileType = sourcecode.swift; path = LikeViewController.swift; sourceTree = "<group>"; };
		68D2D98B2BFB9001009E04FA /* MypageViewController.swift */ = {isa = PBXFileReference; lastKnownFileType = sourcecode.swift; path = MypageViewController.swift; sourceTree = "<group>"; };
		68D2D98D2BFB901D009E04FA /* MypageView.swift */ = {isa = PBXFileReference; lastKnownFileType = sourcecode.swift; path = MypageView.swift; sourceTree = "<group>"; };
		68D2D98F2BFB9030009E04FA /* LikeView.swift */ = {isa = PBXFileReference; lastKnownFileType = sourcecode.swift; path = LikeView.swift; sourceTree = "<group>"; };
		68D2D9912BFB903C009E04FA /* HomeView.swift */ = {isa = PBXFileReference; lastKnownFileType = sourcecode.swift; path = HomeView.swift; sourceTree = "<group>"; };
		68D2D9932BFB904B009E04FA /* LoginView.swift */ = {isa = PBXFileReference; lastKnownFileType = sourcecode.swift; path = LoginView.swift; sourceTree = "<group>"; };
		68D2D99B2BFC3A78009E04FA /* HomeTableViewCell.swift */ = {isa = PBXFileReference; lastKnownFileType = sourcecode.swift; path = HomeTableViewCell.swift; sourceTree = "<group>"; };
		68D2D99D2BFC50FB009E04FA /* DummyModel.swift */ = {isa = PBXFileReference; lastKnownFileType = sourcecode.swift; path = DummyModel.swift; sourceTree = "<group>"; };
		68D2D99F2BFCC383009E04FA /* LikeCollectionViewCell.swift */ = {isa = PBXFileReference; lastKnownFileType = sourcecode.swift; path = LikeCollectionViewCell.swift; sourceTree = "<group>"; };
		68D2D9A12BFCEA21009E04FA /* MypageTableViewCell.swift */ = {isa = PBXFileReference; lastKnownFileType = sourcecode.swift; path = MypageTableViewCell.swift; sourceTree = "<group>"; };
		68D2D9A32BFD7CD7009E04FA /* LoginCheck.swift */ = {isa = PBXFileReference; lastKnownFileType = sourcecode.swift; path = LoginCheck.swift; sourceTree = "<group>"; };
		68D2D9A52BFDC820009E04FA /* GoogleService-Info.plist */ = {isa = PBXFileReference; fileEncoding = 4; lastKnownFileType = text.plist.xml; path = "GoogleService-Info.plist"; sourceTree = "<group>"; };
		68D2D9AA2BFDDA37009E04FA /* MakeEmailViewController.swift */ = {isa = PBXFileReference; lastKnownFileType = sourcecode.swift; path = MakeEmailViewController.swift; sourceTree = "<group>"; };
		68D2D9AC2BFDDA59009E04FA /* MakeEmailView.swift */ = {isa = PBXFileReference; lastKnownFileType = sourcecode.swift; path = MakeEmailView.swift; sourceTree = "<group>"; };
		68D2D9B02C002D4D009E04FA /* FirebaseManager.swift */ = {isa = PBXFileReference; lastKnownFileType = sourcecode.swift; path = FirebaseManager.swift; sourceTree = "<group>"; };
		68D2D9B52C02D889009E04FA /* AddPostViewController.swift */ = {isa = PBXFileReference; lastKnownFileType = sourcecode.swift; path = AddPostViewController.swift; sourceTree = "<group>"; };
		68D2D9B72C02D8A3009E04FA /* AddPostView.swift */ = {isa = PBXFileReference; lastKnownFileType = sourcecode.swift; path = AddPostView.swift; sourceTree = "<group>"; };
		68D2D9BB2C05D086009E04FA /* Post.swift */ = {isa = PBXFileReference; lastKnownFileType = sourcecode.swift; path = Post.swift; sourceTree = "<group>"; };
/* End PBXFileReference section */

/* Begin PBXFrameworksBuildPhase section */
		68D2D9692BFB519E009E04FA /* Frameworks */ = {
			isa = PBXFrameworksBuildPhase;
			buildActionMask = 2147483647;
			files = (
				68D2D99A2BFB95FB009E04FA /* SnapKit in Frameworks */,
				68D2D9BA2C04E26A009E04FA /* FirebaseStorage in Frameworks */,
				68D2D9A92BFDCA1D009E04FA /* FirebaseAuth in Frameworks */,
				68D2D9B42C002E8C009E04FA /* FirebaseFirestore in Frameworks */,
			);
			runOnlyForDeploymentPostprocessing = 0;
		};
/* End PBXFrameworksBuildPhase section */

/* Begin PBXGroup section */
		68D2D9632BFB519E009E04FA = {
			isa = PBXGroup;
			children = (
				68D2D96E2BFB519E009E04FA /* TripTogether */,
				68D2D96D2BFB519E009E04FA /* Products */,
				68D2D9B22C002E8C009E04FA /* Frameworks */,
			);
			sourceTree = "<group>";
		};
		68D2D96D2BFB519E009E04FA /* Products */ = {
			isa = PBXGroup;
			children = (
				68D2D96C2BFB519E009E04FA /* TripTogether.app */,
			);
			name = Products;
			sourceTree = "<group>";
		};
		68D2D96E2BFB519E009E04FA /* TripTogether */ = {
			isa = PBXGroup;
			children = (
				68D2D96F2BFB519E009E04FA /* AppDelegate.swift */,
				68D2D9712BFB519E009E04FA /* SceneDelegate.swift */,
				68D2D9732BFB519E009E04FA /* ViewController.swift */,
				68D2D9972BFB9067009E04FA /* Model */,
				68D2D9952BFB904F009E04FA /* Controller */,
				68D2D9962BFB905E009E04FA /* View */,
				68D2D9752BFB519E009E04FA /* Main.storyboard */,
				68D2D9782BFB519F009E04FA /* Assets.xcassets */,
				68D2D97A2BFB519F009E04FA /* LaunchScreen.storyboard */,
				68D2D9A52BFDC820009E04FA /* GoogleService-Info.plist */,
				68D2D97D2BFB519F009E04FA /* Info.plist */,
			);
			path = TripTogether;
			sourceTree = "<group>";
		};
		68D2D9952BFB904F009E04FA /* Controller */ = {
			isa = PBXGroup;
			children = (
				68D2D9852BFB8FA0009E04FA /* LoginViewController.swift */,
				68D2D9AA2BFDDA37009E04FA /* MakeEmailViewController.swift */,
				68D2D9872BFB8FB5009E04FA /* HomeViewController.swift */,
				68D2D9B52C02D889009E04FA /* AddPostViewController.swift */,
				68D2D9892BFB8FF1009E04FA /* LikeViewController.swift */,
				68D2D98B2BFB9001009E04FA /* MypageViewController.swift */,
			);
			path = Controller;
			sourceTree = "<group>";
		};
		68D2D9962BFB905E009E04FA /* View */ = {
			isa = PBXGroup;
			children = (
				68D2D9932BFB904B009E04FA /* LoginView.swift */,
				68D2D9AC2BFDDA59009E04FA /* MakeEmailView.swift */,
				68D2D9B72C02D8A3009E04FA /* AddPostView.swift */,
				68D2D99B2BFC3A78009E04FA /* HomeTableViewCell.swift */,
				68D2D9912BFB903C009E04FA /* HomeView.swift */,
				68D2D98F2BFB9030009E04FA /* LikeView.swift */,
				68D2D99F2BFCC383009E04FA /* LikeCollectionViewCell.swift */,
				68D2D98D2BFB901D009E04FA /* MypageView.swift */,
				68D2D9A12BFCEA21009E04FA /* MypageTableViewCell.swift */,
			);
			path = View;
			sourceTree = "<group>";
		};
		68D2D9972BFB9067009E04FA /* Model */ = {
			isa = PBXGroup;
			children = (
				68D2D99D2BFC50FB009E04FA /* DummyModel.swift */,
				68D2D9BB2C05D086009E04FA /* Post.swift */,
				68D2D9A32BFD7CD7009E04FA /* LoginCheck.swift */,
				68D2D9B02C002D4D009E04FA /* FirebaseManager.swift */,
			);
			path = Model;
			sourceTree = "<group>";
		};
		68D2D9B22C002E8C009E04FA /* Frameworks */ = {
			isa = PBXGroup;
			children = (
			);
			name = Frameworks;
			sourceTree = "<group>";
		};
/* End PBXGroup section */

/* Begin PBXNativeTarget section */
		68D2D96B2BFB519E009E04FA /* TripTogether */ = {
			isa = PBXNativeTarget;
			buildConfigurationList = 68D2D9802BFB519F009E04FA /* Build configuration list for PBXNativeTarget "TripTogether" */;
			buildPhases = (
				68D2D9682BFB519E009E04FA /* Sources */,
				68D2D9692BFB519E009E04FA /* Frameworks */,
				68D2D96A2BFB519E009E04FA /* Resources */,
			);
			buildRules = (
			);
			dependencies = (
			);
			name = TripTogether;
			packageProductDependencies = (
				68D2D9992BFB95FB009E04FA /* SnapKit */,
				68D2D9A82BFDCA1D009E04FA /* FirebaseAuth */,
				68D2D9B32C002E8C009E04FA /* FirebaseFirestore */,
				68D2D9B92C04E26A009E04FA /* FirebaseStorage */,
			);
			productName = TripTogether;
			productReference = 68D2D96C2BFB519E009E04FA /* TripTogether.app */;
			productType = "com.apple.product-type.application";
		};
/* End PBXNativeTarget section */

/* Begin PBXProject section */
		68D2D9642BFB519E009E04FA /* Project object */ = {
			isa = PBXProject;
			attributes = {
				BuildIndependentTargetsInParallel = 1;
				LastSwiftUpdateCheck = 1430;
				LastUpgradeCheck = 1430;
				TargetAttributes = {
					68D2D96B2BFB519E009E04FA = {
						CreatedOnToolsVersion = 14.3.1;
					};
				};
			};
			buildConfigurationList = 68D2D9672BFB519E009E04FA /* Build configuration list for PBXProject "TripTogether" */;
			compatibilityVersion = "Xcode 14.0";
			developmentRegion = en;
			hasScannedForEncodings = 0;
			knownRegions = (
				en,
				Base,
			);
			mainGroup = 68D2D9632BFB519E009E04FA;
			packageReferences = (
				68D2D9982BFB95FB009E04FA /* XCRemoteSwiftPackageReference "SnapKit" */,
				68D2D9A72BFDCA1D009E04FA /* XCRemoteSwiftPackageReference "firebase-ios-sdk" */,
			);
			productRefGroup = 68D2D96D2BFB519E009E04FA /* Products */;
			projectDirPath = "";
			projectRoot = "";
			targets = (
				68D2D96B2BFB519E009E04FA /* TripTogether */,
			);
		};
/* End PBXProject section */

/* Begin PBXResourcesBuildPhase section */
		68D2D96A2BFB519E009E04FA /* Resources */ = {
			isa = PBXResourcesBuildPhase;
			buildActionMask = 2147483647;
			files = (
				68D2D97C2BFB519F009E04FA /* LaunchScreen.storyboard in Resources */,
				68D2D9A62BFDC820009E04FA /* GoogleService-Info.plist in Resources */,
				68D2D9792BFB519F009E04FA /* Assets.xcassets in Resources */,
				68D2D9772BFB519E009E04FA /* Main.storyboard in Resources */,
			);
			runOnlyForDeploymentPostprocessing = 0;
		};
/* End PBXResourcesBuildPhase section */

/* Begin PBXSourcesBuildPhase section */
		68D2D9682BFB519E009E04FA /* Sources */ = {
			isa = PBXSourcesBuildPhase;
			buildActionMask = 2147483647;
			files = (
				68D2D9AB2BFDDA38009E04FA /* MakeEmailViewController.swift in Sources */,
				68D2D9BC2C05D086009E04FA /* Post.swift in Sources */,
				68D2D9902BFB9030009E04FA /* LikeView.swift in Sources */,
				68D2D9862BFB8FA0009E04FA /* LoginViewController.swift in Sources */,
				68D2D9A42BFD7CD7009E04FA /* LoginCheck.swift in Sources */,
				68D2D99E2BFC50FB009E04FA /* DummyModel.swift in Sources */,
				68D2D9AD2BFDDA59009E04FA /* MakeEmailView.swift in Sources */,
				68D2D98E2BFB901D009E04FA /* MypageView.swift in Sources */,
				68D2D9922BFB903C009E04FA /* HomeView.swift in Sources */,
				68D2D9742BFB519E009E04FA /* ViewController.swift in Sources */,
				68D2D9B12C002D4D009E04FA /* FirebaseManager.swift in Sources */,
				68D2D9B82C02D8A3009E04FA /* AddPostView.swift in Sources */,
				68D2D98C2BFB9001009E04FA /* MypageViewController.swift in Sources */,
				68D2D9A02BFCC383009E04FA /* LikeCollectionViewCell.swift in Sources */,
				68D2D99C2BFC3A78009E04FA /* HomeTableViewCell.swift in Sources */,
				68D2D9702BFB519E009E04FA /* AppDelegate.swift in Sources */,
				68D2D9722BFB519E009E04FA /* SceneDelegate.swift in Sources */,
				68D2D9942BFB904B009E04FA /* LoginView.swift in Sources */,
				68D2D9B62C02D889009E04FA /* AddPostViewController.swift in Sources */,
				68D2D9882BFB8FB5009E04FA /* HomeViewController.swift in Sources */,
				68D2D98A2BFB8FF1009E04FA /* LikeViewController.swift in Sources */,
				68D2D9A22BFCEA21009E04FA /* MypageTableViewCell.swift in Sources */,
			);
			runOnlyForDeploymentPostprocessing = 0;
		};
/* End PBXSourcesBuildPhase section */

/* Begin PBXVariantGroup section */
		68D2D9752BFB519E009E04FA /* Main.storyboard */ = {
			isa = PBXVariantGroup;
			children = (
				68D2D9762BFB519E009E04FA /* Base */,
			);
			name = Main.storyboard;
			sourceTree = "<group>";
		};
		68D2D97A2BFB519F009E04FA /* LaunchScreen.storyboard */ = {
			isa = PBXVariantGroup;
			children = (
				68D2D97B2BFB519F009E04FA /* Base */,
			);
			name = LaunchScreen.storyboard;
			sourceTree = "<group>";
		};
/* End PBXVariantGroup section */

/* Begin XCBuildConfiguration section */
		68D2D97E2BFB519F009E04FA /* Debug */ = {
			isa = XCBuildConfiguration;
			buildSettings = {
				ALWAYS_SEARCH_USER_PATHS = NO;
				CLANG_ANALYZER_NONNULL = YES;
				CLANG_ANALYZER_NUMBER_OBJECT_CONVERSION = YES_AGGRESSIVE;
				CLANG_CXX_LANGUAGE_STANDARD = "gnu++20";
				CLANG_ENABLE_MODULES = YES;
				CLANG_ENABLE_OBJC_ARC = YES;
				CLANG_ENABLE_OBJC_WEAK = YES;
				CLANG_WARN_BLOCK_CAPTURE_AUTORELEASING = YES;
				CLANG_WARN_BOOL_CONVERSION = YES;
				CLANG_WARN_COMMA = YES;
				CLANG_WARN_CONSTANT_CONVERSION = YES;
				CLANG_WARN_DEPRECATED_OBJC_IMPLEMENTATIONS = YES;
				CLANG_WARN_DIRECT_OBJC_ISA_USAGE = YES_ERROR;
				CLANG_WARN_DOCUMENTATION_COMMENTS = YES;
				CLANG_WARN_EMPTY_BODY = YES;
				CLANG_WARN_ENUM_CONVERSION = YES;
				CLANG_WARN_INFINITE_RECURSION = YES;
				CLANG_WARN_INT_CONVERSION = YES;
				CLANG_WARN_NON_LITERAL_NULL_CONVERSION = YES;
				CLANG_WARN_OBJC_IMPLICIT_RETAIN_SELF = YES;
				CLANG_WARN_OBJC_LITERAL_CONVERSION = YES;
				CLANG_WARN_OBJC_ROOT_CLASS = YES_ERROR;
				CLANG_WARN_QUOTED_INCLUDE_IN_FRAMEWORK_HEADER = YES;
				CLANG_WARN_RANGE_LOOP_ANALYSIS = YES;
				CLANG_WARN_STRICT_PROTOTYPES = YES;
				CLANG_WARN_SUSPICIOUS_MOVE = YES;
				CLANG_WARN_UNGUARDED_AVAILABILITY = YES_AGGRESSIVE;
				CLANG_WARN_UNREACHABLE_CODE = YES;
				CLANG_WARN__DUPLICATE_METHOD_MATCH = YES;
				COPY_PHASE_STRIP = NO;
				DEBUG_INFORMATION_FORMAT = dwarf;
				ENABLE_STRICT_OBJC_MSGSEND = YES;
				ENABLE_TESTABILITY = YES;
				GCC_C_LANGUAGE_STANDARD = gnu11;
				GCC_DYNAMIC_NO_PIC = NO;
				GCC_NO_COMMON_BLOCKS = YES;
				GCC_OPTIMIZATION_LEVEL = 0;
				GCC_PREPROCESSOR_DEFINITIONS = (
					"DEBUG=1",
					"$(inherited)",
				);
				GCC_WARN_64_TO_32_BIT_CONVERSION = YES;
				GCC_WARN_ABOUT_RETURN_TYPE = YES_ERROR;
				GCC_WARN_UNDECLARED_SELECTOR = YES;
				GCC_WARN_UNINITIALIZED_AUTOS = YES_AGGRESSIVE;
				GCC_WARN_UNUSED_FUNCTION = YES;
				GCC_WARN_UNUSED_VARIABLE = YES;
				IPHONEOS_DEPLOYMENT_TARGET = 16.4;
				MTL_ENABLE_DEBUG_INFO = INCLUDE_SOURCE;
				MTL_FAST_MATH = YES;
				ONLY_ACTIVE_ARCH = YES;
				SDKROOT = iphoneos;
				SWIFT_ACTIVE_COMPILATION_CONDITIONS = DEBUG;
				SWIFT_OPTIMIZATION_LEVEL = "-Onone";
			};
			name = Debug;
		};
		68D2D97F2BFB519F009E04FA /* Release */ = {
			isa = XCBuildConfiguration;
			buildSettings = {
				ALWAYS_SEARCH_USER_PATHS = NO;
				CLANG_ANALYZER_NONNULL = YES;
				CLANG_ANALYZER_NUMBER_OBJECT_CONVERSION = YES_AGGRESSIVE;
				CLANG_CXX_LANGUAGE_STANDARD = "gnu++20";
				CLANG_ENABLE_MODULES = YES;
				CLANG_ENABLE_OBJC_ARC = YES;
				CLANG_ENABLE_OBJC_WEAK = YES;
				CLANG_WARN_BLOCK_CAPTURE_AUTORELEASING = YES;
				CLANG_WARN_BOOL_CONVERSION = YES;
				CLANG_WARN_COMMA = YES;
				CLANG_WARN_CONSTANT_CONVERSION = YES;
				CLANG_WARN_DEPRECATED_OBJC_IMPLEMENTATIONS = YES;
				CLANG_WARN_DIRECT_OBJC_ISA_USAGE = YES_ERROR;
				CLANG_WARN_DOCUMENTATION_COMMENTS = YES;
				CLANG_WARN_EMPTY_BODY = YES;
				CLANG_WARN_ENUM_CONVERSION = YES;
				CLANG_WARN_INFINITE_RECURSION = YES;
				CLANG_WARN_INT_CONVERSION = YES;
				CLANG_WARN_NON_LITERAL_NULL_CONVERSION = YES;
				CLANG_WARN_OBJC_IMPLICIT_RETAIN_SELF = YES;
				CLANG_WARN_OBJC_LITERAL_CONVERSION = YES;
				CLANG_WARN_OBJC_ROOT_CLASS = YES_ERROR;
				CLANG_WARN_QUOTED_INCLUDE_IN_FRAMEWORK_HEADER = YES;
				CLANG_WARN_RANGE_LOOP_ANALYSIS = YES;
				CLANG_WARN_STRICT_PROTOTYPES = YES;
				CLANG_WARN_SUSPICIOUS_MOVE = YES;
				CLANG_WARN_UNGUARDED_AVAILABILITY = YES_AGGRESSIVE;
				CLANG_WARN_UNREACHABLE_CODE = YES;
				CLANG_WARN__DUPLICATE_METHOD_MATCH = YES;
				COPY_PHASE_STRIP = NO;
				DEBUG_INFORMATION_FORMAT = "dwarf-with-dsym";
				ENABLE_NS_ASSERTIONS = NO;
				ENABLE_STRICT_OBJC_MSGSEND = YES;
				GCC_C_LANGUAGE_STANDARD = gnu11;
				GCC_NO_COMMON_BLOCKS = YES;
				GCC_WARN_64_TO_32_BIT_CONVERSION = YES;
				GCC_WARN_ABOUT_RETURN_TYPE = YES_ERROR;
				GCC_WARN_UNDECLARED_SELECTOR = YES;
				GCC_WARN_UNINITIALIZED_AUTOS = YES_AGGRESSIVE;
				GCC_WARN_UNUSED_FUNCTION = YES;
				GCC_WARN_UNUSED_VARIABLE = YES;
				IPHONEOS_DEPLOYMENT_TARGET = 16.4;
				MTL_ENABLE_DEBUG_INFO = NO;
				MTL_FAST_MATH = YES;
				SDKROOT = iphoneos;
				SWIFT_COMPILATION_MODE = wholemodule;
				SWIFT_OPTIMIZATION_LEVEL = "-O";
				VALIDATE_PRODUCT = YES;
			};
			name = Release;
		};
		68D2D9812BFB519F009E04FA /* Debug */ = {
			isa = XCBuildConfiguration;
			buildSettings = {
				ASSETCATALOG_COMPILER_APPICON_NAME = AppIcon;
				ASSETCATALOG_COMPILER_GLOBAL_ACCENT_COLOR_NAME = AccentColor;
				CODE_SIGN_STYLE = Automatic;
				CURRENT_PROJECT_VERSION = 1;
				DEVELOPMENT_TEAM = G5X8MR892Q;
				GENERATE_INFOPLIST_FILE = YES;
				INFOPLIST_FILE = TripTogether/Info.plist;
				INFOPLIST_KEY_UIApplicationSupportsIndirectInputEvents = YES;
				INFOPLIST_KEY_UILaunchStoryboardName = LaunchScreen;
				INFOPLIST_KEY_UIMainStoryboardFile = Main;
				INFOPLIST_KEY_UISupportedInterfaceOrientations_iPad = "UIInterfaceOrientationPortrait UIInterfaceOrientationPortraitUpsideDown UIInterfaceOrientationLandscapeLeft UIInterfaceOrientationLandscapeRight";
				INFOPLIST_KEY_UISupportedInterfaceOrientations_iPhone = "UIInterfaceOrientationPortrait UIInterfaceOrientationLandscapeLeft UIInterfaceOrientationLandscapeRight";
				LD_RUNPATH_SEARCH_PATHS = (
					"$(inherited)",
					"@executable_path/Frameworks",
				);
				MARKETING_VERSION = 1.0;
				PRODUCT_BUNDLE_IDENTIFIER = swift.com.TripTogether.TripTogether;
				PRODUCT_NAME = "$(TARGET_NAME)";
				SWIFT_EMIT_LOC_STRINGS = YES;
				SWIFT_VERSION = 5.0;
				TARGETED_DEVICE_FAMILY = "1,2";
			};
			name = Debug;
		};
		68D2D9822BFB519F009E04FA /* Release */ = {
			isa = XCBuildConfiguration;
			buildSettings = {
				ASSETCATALOG_COMPILER_APPICON_NAME = AppIcon;
				ASSETCATALOG_COMPILER_GLOBAL_ACCENT_COLOR_NAME = AccentColor;
				CODE_SIGN_STYLE = Automatic;
				CURRENT_PROJECT_VERSION = 1;
				DEVELOPMENT_TEAM = G5X8MR892Q;
				GENERATE_INFOPLIST_FILE = YES;
				INFOPLIST_FILE = TripTogether/Info.plist;
				INFOPLIST_KEY_UIApplicationSupportsIndirectInputEvents = YES;
				INFOPLIST_KEY_UILaunchStoryboardName = LaunchScreen;
				INFOPLIST_KEY_UIMainStoryboardFile = Main;
				INFOPLIST_KEY_UISupportedInterfaceOrientations_iPad = "UIInterfaceOrientationPortrait UIInterfaceOrientationPortraitUpsideDown UIInterfaceOrientationLandscapeLeft UIInterfaceOrientationLandscapeRight";
				INFOPLIST_KEY_UISupportedInterfaceOrientations_iPhone = "UIInterfaceOrientationPortrait UIInterfaceOrientationLandscapeLeft UIInterfaceOrientationLandscapeRight";
				LD_RUNPATH_SEARCH_PATHS = (
					"$(inherited)",
					"@executable_path/Frameworks",
				);
				MARKETING_VERSION = 1.0;
				PRODUCT_BUNDLE_IDENTIFIER = swift.com.TripTogether.TripTogether;
				PRODUCT_NAME = "$(TARGET_NAME)";
				SWIFT_EMIT_LOC_STRINGS = YES;
				SWIFT_VERSION = 5.0;
				TARGETED_DEVICE_FAMILY = "1,2";
			};
			name = Release;
		};
/* End XCBuildConfiguration section */

/* Begin XCConfigurationList section */
		68D2D9672BFB519E009E04FA /* Build configuration list for PBXProject "TripTogether" */ = {
			isa = XCConfigurationList;
			buildConfigurations = (
				68D2D97E2BFB519F009E04FA /* Debug */,
				68D2D97F2BFB519F009E04FA /* Release */,
			);
			defaultConfigurationIsVisible = 0;
			defaultConfigurationName = Release;
		};
		68D2D9802BFB519F009E04FA /* Build configuration list for PBXNativeTarget "TripTogether" */ = {
			isa = XCConfigurationList;
			buildConfigurations = (
				68D2D9812BFB519F009E04FA /* Debug */,
				68D2D9822BFB519F009E04FA /* Release */,
			);
			defaultConfigurationIsVisible = 0;
			defaultConfigurationName = Release;
		};
/* End XCConfigurationList section */

/* Begin XCRemoteSwiftPackageReference section */
		68D2D9982BFB95FB009E04FA /* XCRemoteSwiftPackageReference "SnapKit" */ = {
			isa = XCRemoteSwiftPackageReference;
			repositoryURL = "https://github.com/SnapKit/SnapKit";
			requirement = {
				kind = upToNextMajorVersion;
				minimumVersion = 5.0.0;
			};
		};
		68D2D9A72BFDCA1D009E04FA /* XCRemoteSwiftPackageReference "firebase-ios-sdk" */ = {
			isa = XCRemoteSwiftPackageReference;
			repositoryURL = "https://github.com/firebase/firebase-ios-sdk";
			requirement = {
				kind = upToNextMajorVersion;
				minimumVersion = 10.0.0;
			};
		};
/* End XCRemoteSwiftPackageReference section */

/* Begin XCSwiftPackageProductDependency section */
		68D2D9992BFB95FB009E04FA /* SnapKit */ = {
			isa = XCSwiftPackageProductDependency;
			package = 68D2D9982BFB95FB009E04FA /* XCRemoteSwiftPackageReference "SnapKit" */;
			productName = SnapKit;
		};
		68D2D9A82BFDCA1D009E04FA /* FirebaseAuth */ = {
			isa = XCSwiftPackageProductDependency;
			package = 68D2D9A72BFDCA1D009E04FA /* XCRemoteSwiftPackageReference "firebase-ios-sdk" */;
			productName = FirebaseAuth;
		};
		68D2D9B32C002E8C009E04FA /* FirebaseFirestore */ = {
			isa = XCSwiftPackageProductDependency;
			package = 68D2D9A72BFDCA1D009E04FA /* XCRemoteSwiftPackageReference "firebase-ios-sdk" */;
			productName = FirebaseFirestore;
		};
		68D2D9B92C04E26A009E04FA /* FirebaseStorage */ = {
			isa = XCSwiftPackageProductDependency;
			package = 68D2D9A72BFDCA1D009E04FA /* XCRemoteSwiftPackageReference "firebase-ios-sdk" */;
			productName = FirebaseStorage;
		};
/* End XCSwiftPackageProductDependency section */
	};
	rootObject = 68D2D9642BFB519E009E04FA /* Project object */;
}
